
Microsoft Visual Studio Solution File, Format Version 12.00
# Visual Studio Version 16
VisualStudioVersion = 16.0.31424.327
MinimumVisualStudioVersion = 10.0.40219.1
Project("{FAE04EC0-301F-11D3-BF4B-00C04F79EFBC}") = "sistema_venda", "sistema_venda\sistema_venda.csproj", "{0ABE2480-EE48-4CA6-ADC1-E80C05B1BA57}"
EndProject
Global
	GlobalSection(SolutionConfigurationPlatforms) = preSolution
		Debug|Any CPU = Debug|Any CPU
		Release|Any CPU = Release|Any CPU
	EndGlobalSection
	GlobalSection(ProjectConfigurationPlatforms) = postSolution
		{0ABE2480-EE48-4CA6-ADC1-E80C05B1BA57}.Debug|Any CPU.ActiveCfg = Debug|Any CPU
		{0ABE2480-EE48-4CA6-ADC1-E80C05B1BA57}.Debug|Any CPU.Build.0 = Debug|Any CPU
		{0ABE2480-EE48-4CA6-ADC1-E80C05B1BA57}.Release|Any CPU.ActiveCfg = Release|Any CPU
		{0ABE2480-EE48-4CA6-ADC1-E80C05B1BA57}.Release|Any CPU.Build.0 = Release|Any CPU
	EndGlobalSection
	GlobalSection(SolutionProperties) = preSolution
		HideSolutionNode = FALSE
	EndGlobalSection
	GlobalSection(ExtensibilityGlobals) = postSolution
		SolutionGuid = {00510EFE-E14C-40C1-A818-784C35114238}
	EndGlobalSection
EndGlobal
